{
  "name": "web2_lab1",
  "version": "1.0.0",
  "lockfileVersion": 2,
  "requires": true,
  "packages": {
    "": {
      "name": "web2_lab1",
      "version": "1.0.0",
      "license": "MIT",
      "devDependencies": {
        "web2_lab1": "file:custom_modules"
      }
    },
    "custom_modules": {
      "version": "1.0.0",
      "dev": true,
      "license": "MIT"
    },
    "node_modules/web2_lab1": {
      "resolved": "custom_modules",
      "link": true
    }
  },
  "dependencies": {
    "web2_lab1": {
      "version": "file:custom_modules"
    }
  }
}
